{
  "name": "eladoscuro.json",
  "version": "1.0.0",
  "lockfileVersion": 2,
  "requires": true,
  "packages": {
    "": {
      "name": "eladoscuro.json",
      "version": "1.0.0",
      "license": "MIT",
      "dependencies": {
        "sweetalert2": "^11.1.10"
      }
    },
    "node_modules/sweetalert2": {
      "version": "11.1.10",
      "resolved": "https://registry.npmjs.org/sweetalert2/-/sweetalert2-11.1.10.tgz",
      "integrity": "sha512-Zy/Pdsvf6gJoaqnBaLXYrjElJ85ipe9D5FfcSKxJ0b1PPnTS3B5eC3rFB2pPbo9m1p+LVLBZVvE35JPL2vG6xA==",
      "funding": {
        "url": "https://sweetalert2.github.io/#donations"
      }
    }
  },
  "dependencies": {
    "sweetalert2": {
      "version": "11.1.10",
      "resolved": "https://registry.npmjs.org/sweetalert2/-/sweetalert2-11.1.10.tgz",
      "integrity": "sha512-Zy/Pdsvf6gJoaqnBaLXYrjElJ85ipe9D5FfcSKxJ0b1PPnTS3B5eC3rFB2pPbo9m1p+LVLBZVvE35JPL2vG6xA=="
    }
  }
}
